
Microsoft Visual Studio Solution File, Format Version 11.00
# Visual Studio 2010
Project("{FAE04EC0-301F-11D3-BF4B-00C04F79EFBC}") = "BiosRealState", "BiosRealState\BiosRealState.csproj", "{990C772F-A1A3-4793-BC9C-30C4C4FD7FA0}"
EndProject
Project("{FAE04EC0-301F-11D3-BF4B-00C04F79EFBC}") = "Logica", "Logica\Logica.csproj", "{E5E5D943-AD59-4BDC-8805-83110772DB94}"
EndProject
Project("{FAE04EC0-301F-11D3-BF4B-00C04F79EFBC}") = "Persistencia", "Persistencia\Persistencia.csproj", "{677AE4E8-45EF-42FF-8698-86A8EFAB43E8}"
EndProject
Project("{FAE04EC0-301F-11D3-BF4B-00C04F79EFBC}") = "Entidades", "Entidades\Entidades.csproj", "{C3528BBD-9EF0-4FA9-B0C7-9B2E963E3406}"
EndProject
Project("{2150E333-8FDC-42A3-9474-1A3956D46DE8}") = "Archivo SQL", "Archivo SQL", "{AEC7DCE3-CB82-4ECB-BE42-7A225228F937}"
	ProjectSection(SolutionItems) = preProject
		Script SQL\Creacion de base de datos.sql = Script SQL\Creacion de base de datos.sql
	EndProjectSection
EndProject
Global
	GlobalSection(SolutionConfigurationPlatforms) = preSolution
		Debug|Any CPU = Debug|Any CPU
		Release|Any CPU = Release|Any CPU
	EndGlobalSection
	GlobalSection(ProjectConfigurationPlatforms) = postSolution
		{990C772F-A1A3-4793-BC9C-30C4C4FD7FA0}.Debug|Any CPU.ActiveCfg = Debug|Any CPU
		{990C772F-A1A3-4793-BC9C-30C4C4FD7FA0}.Debug|Any CPU.Build.0 = Debug|Any CPU
		{990C772F-A1A3-4793-BC9C-30C4C4FD7FA0}.Release|Any CPU.ActiveCfg = Release|Any CPU
		{990C772F-A1A3-4793-BC9C-30C4C4FD7FA0}.Release|Any CPU.Build.0 = Release|Any CPU
		{E5E5D943-AD59-4BDC-8805-83110772DB94}.Debug|Any CPU.ActiveCfg = Debug|Any CPU
		{E5E5D943-AD59-4BDC-8805-83110772DB94}.Debug|Any CPU.Build.0 = Debug|Any CPU
		{E5E5D943-AD59-4BDC-8805-83110772DB94}.Release|Any CPU.ActiveCfg = Release|Any CPU
		{E5E5D943-AD59-4BDC-8805-83110772DB94}.Release|Any CPU.Build.0 = Release|Any CPU
		{677AE4E8-45EF-42FF-8698-86A8EFAB43E8}.Debug|Any CPU.ActiveCfg = Debug|Any CPU
		{677AE4E8-45EF-42FF-8698-86A8EFAB43E8}.Debug|Any CPU.Build.0 = Debug|Any CPU
		{677AE4E8-45EF-42FF-8698-86A8EFAB43E8}.Release|Any CPU.ActiveCfg = Release|Any CPU
		{677AE4E8-45EF-42FF-8698-86A8EFAB43E8}.Release|Any CPU.Build.0 = Release|Any CPU
		{C3528BBD-9EF0-4FA9-B0C7-9B2E963E3406}.Debug|Any CPU.ActiveCfg = Debug|Any CPU
		{C3528BBD-9EF0-4FA9-B0C7-9B2E963E3406}.Debug|Any CPU.Build.0 = Debug|Any CPU
		{C3528BBD-9EF0-4FA9-B0C7-9B2E963E3406}.Release|Any CPU.ActiveCfg = Release|Any CPU
		{C3528BBD-9EF0-4FA9-B0C7-9B2E963E3406}.Release|Any CPU.Build.0 = Release|Any CPU
	EndGlobalSection
	GlobalSection(SolutionProperties) = preSolution
		HideSolutionNode = FALSE
	EndGlobalSection
EndGlobal
